// !$*UTF8*$!
{
	archiveVersion = 1;
	classes = {
	};
	objectVersion = 50;
	objects = {

/* Begin PBXBuildFile section */
		0D223232228F0BFF00BB0060 /* JGProgressHUD.framework in Frameworks */ = {isa = PBXBuildFile; fileRef = 0D223230228F0BEB00BB0060 /* JGProgressHUD.framework */; };
		0D223233228F0BFF00BB0060 /* JGProgressHUD.framework in Embed Frameworks */ = {isa = PBXBuildFile; fileRef = 0D223230228F0BEB00BB0060 /* JGProgressHUD.framework */; settings = {ATTRIBUTES = (CodeSignOnCopy, RemoveHeadersOnCopy, ); }; };
		0D223235228F267000BB0060 /* NetworkHelper.swift in Sources */ = {isa = PBXBuildFile; fileRef = 0D223234228F267000BB0060 /* NetworkHelper.swift */; };
		0D2A4821228363D6004951DD /* AppDelegate.swift in Sources */ = {isa = PBXBuildFile; fileRef = 0D2A4820228363D6004951DD /* AppDelegate.swift */; };
		0D2A4823228363D6004951DD /* ViewController.swift in Sources */ = {isa = PBXBuildFile; fileRef = 0D2A4822228363D6004951DD /* ViewController.swift */; };
		0D2A4826228363D6004951DD /* Main.storyboard in Resources */ = {isa = PBXBuildFile; fileRef = 0D2A4824228363D6004951DD /* Main.storyboard */; };
		0D2A4828228363D8004951DD /* Assets.xcassets in Resources */ = {isa = PBXBuildFile; fileRef = 0D2A4827228363D8004951DD /* Assets.xcassets */; };
		0D2A482B228363D8004951DD /* LaunchScreen.storyboard in Resources */ = {isa = PBXBuildFile; fileRef = 0D2A4829228363D8004951DD /* LaunchScreen.storyboard */; };
		0D2A4836228363D8004951DD /* PhotoBackupTests.swift in Sources */ = {isa = PBXBuildFile; fileRef = 0D2A4835228363D8004951DD /* PhotoBackupTests.swift */; };
		0D2A4841228363D8004951DD /* PhotoBackupUITests.swift in Sources */ = {isa = PBXBuildFile; fileRef = 0D2A4840228363D8004951DD /* PhotoBackupUITests.swift */; };
		0D2A485022837D97004951DD /* Alamofire.framework in Frameworks */ = {isa = PBXBuildFile; fileRef = 0D2A484E22837D8C004951DD /* Alamofire.framework */; };
		0D2A485122837D97004951DD /* Alamofire.framework in Embed Frameworks */ = {isa = PBXBuildFile; fileRef = 0D2A484E22837D8C004951DD /* Alamofire.framework */; settings = {ATTRIBUTES = (CodeSignOnCopy, RemoveHeadersOnCopy, ); }; };
/* End PBXBuildFile section */

/* Begin PBXContainerItemProxy section */
		0D2A4832228363D8004951DD /* PBXContainerItemProxy */ = {
			isa = PBXContainerItemProxy;
			containerPortal = 0D2A4815228363D6004951DD /* Project object */;
			proxyType = 1;
			remoteGlobalIDString = 0D2A481C228363D6004951DD;
			remoteInfo = PhotoBackup;
		};
		0D2A483D228363D8004951DD /* PBXContainerItemProxy */ = {
			isa = PBXContainerItemProxy;
			containerPortal = 0D2A4815228363D6004951DD /* Project object */;
			proxyType = 1;
			remoteGlobalIDString = 0D2A481C228363D6004951DD;
			remoteInfo = PhotoBackup;
		};
/* End PBXContainerItemProxy section */

/* Begin PBXCopyFilesBuildPhase section */
		0D2A485222837D97004951DD /* Embed Frameworks */ = {
			isa = PBXCopyFilesBuildPhase;
			buildActionMask = 2147483647;
			dstPath = "";
			dstSubfolderSpec = 10;
			files = (
				0D223233228F0BFF00BB0060 /* JGProgressHUD.framework in Embed Frameworks */,
				0D2A485122837D97004951DD /* Alamofire.framework in Embed Frameworks */,
			);
			name = "Embed Frameworks";
			runOnlyForDeploymentPostprocessing = 0;
		};
/* End PBXCopyFilesBuildPhase section */

/* Begin PBXFileReference section */
		0D223230228F0BEB00BB0060 /* JGProgressHUD.framework */ = {isa = PBXFileReference; lastKnownFileType = wrapper.framework; name = JGProgressHUD.framework; path = Carthage/Build/iOS/JGProgressHUD.framework; sourceTree = SOURCE_ROOT; };
		0D223234228F267000BB0060 /* NetworkHelper.swift */ = {isa = PBXFileReference; lastKnownFileType = sourcecode.swift; path = NetworkHelper.swift; sourceTree = "<group>"; };
		0D2A481D228363D6004951DD /* PhotoBackup.app */ = {isa = PBXFileReference; explicitFileType = wrapper.application; includeInIndex = 0; path = PhotoBackup.app; sourceTree = BUILT_PRODUCTS_DIR; };
		0D2A4820228363D6004951DD /* AppDelegate.swift */ = {isa = PBXFileReference; lastKnownFileType = sourcecode.swift; path = AppDelegate.swift; sourceTree = "<group>"; };
		0D2A4822228363D6004951DD /* ViewController.swift */ = {isa = PBXFileReference; lastKnownFileType = sourcecode.swift; path = ViewController.swift; sourceTree = "<group>"; };
		0D2A4825228363D6004951DD /* Base */ = {isa = PBXFileReference; lastKnownFileType = file.storyboard; name = Base; path = Base.lproj/Main.storyboard; sourceTree = "<group>"; };
		0D2A4827228363D8004951DD /* Assets.xcassets */ = {isa = PBXFileReference; lastKnownFileType = folder.assetcatalog; path = Assets.xcassets; sourceTree = "<group>"; };
		0D2A482A228363D8004951DD /* Base */ = {isa = PBXFileReference; lastKnownFileType = file.storyboard; name = Base; path = Base.lproj/LaunchScreen.storyboard; sourceTree = "<group>"; };
		0D2A482C228363D8004951DD /* Info.plist */ = {isa = PBXFileReference; lastKnownFileType = text.plist.xml; path = Info.plist; sourceTree = "<group>"; };
		0D2A4831228363D8004951DD /* PhotoBackupTests.xctest */ = {isa = PBXFileReference; explicitFileType = wrapper.cfbundle; includeInIndex = 0; path = PhotoBackupTests.xctest; sourceTree = BUILT_PRODUCTS_DIR; };
		0D2A4835228363D8004951DD /* PhotoBackupTests.swift */ = {isa = PBXFileReference; lastKnownFileType = sourcecode.swift; path = PhotoBackupTests.swift; sourceTree = "<group>"; };
		0D2A4837228363D8004951DD /* Info.plist */ = {isa = PBXFileReference; lastKnownFileType = text.plist.xml; path = Info.plist; sourceTree = "<group>"; };
		0D2A483C228363D8004951DD /* PhotoBackupUITests.xctest */ = {isa = PBXFileReference; explicitFileType = wrapper.cfbundle; includeInIndex = 0; path = PhotoBackupUITests.xctest; sourceTree = BUILT_PRODUCTS_DIR; };
		0D2A4840228363D8004951DD /* PhotoBackupUITests.swift */ = {isa = PBXFileReference; lastKnownFileType = sourcecode.swift; path = PhotoBackupUITests.swift; sourceTree = "<group>"; };
		0D2A4842228363D8004951DD /* Info.plist */ = {isa = PBXFileReference; lastKnownFileType = text.plist.xml; path = Info.plist; sourceTree = "<group>"; };
		0D2A484E22837D8C004951DD /* Alamofire.framework */ = {isa = PBXFileReference; lastKnownFileType = wrapper.framework; name = Alamofire.framework; path = Carthage/Build/iOS/Alamofire.framework; sourceTree = SOURCE_ROOT; };
/* End PBXFileReference section */

/* Begin PBXFrameworksBuildPhase section */
		0D2A481A228363D6004951DD /* Frameworks */ = {
			isa = PBXFrameworksBuildPhase;
			buildActionMask = 2147483647;
			files = (
				0D223232228F0BFF00BB0060 /* JGProgressHUD.framework in Frameworks */,
				0D2A485022837D97004951DD /* Alamofire.framework in Frameworks */,
			);
			runOnlyForDeploymentPostprocessing = 0;
		};
		0D2A482E228363D8004951DD /* Frameworks */ = {
			isa = PBXFrameworksBuildPhase;
			buildActionMask = 2147483647;
			files = (
			);
			runOnlyForDeploymentPostprocessing = 0;
		};
		0D2A4839228363D8004951DD /* Frameworks */ = {
			isa = PBXFrameworksBuildPhase;
			buildActionMask = 2147483647;
			files = (
			);
			runOnlyForDeploymentPostprocessing = 0;
		};
/* End PBXFrameworksBuildPhase section */

/* Begin PBXGroup section */
		0D2A4814228363D6004951DD = {
			isa = PBXGroup;
			children = (
				0D2A481F228363D6004951DD /* PhotoBackup */,
				0D2A4834228363D8004951DD /* PhotoBackupTests */,
				0D2A483F228363D8004951DD /* PhotoBackupUITests */,
				0D2A481E228363D6004951DD /* Products */,
			);
			sourceTree = "<group>";
		};
		0D2A481E228363D6004951DD /* Products */ = {
			isa = PBXGroup;
			children = (
				0D2A481D228363D6004951DD /* PhotoBackup.app */,
				0D2A4831228363D8004951DD /* PhotoBackupTests.xctest */,
				0D2A483C228363D8004951DD /* PhotoBackupUITests.xctest */,
			);
			name = Products;
			sourceTree = "<group>";
		};
		0D2A481F228363D6004951DD /* PhotoBackup */ = {
			isa = PBXGroup;
			children = (
				0D223230228F0BEB00BB0060 /* JGProgressHUD.framework */,
				0D2A484E22837D8C004951DD /* Alamofire.framework */,
				0D2A4820228363D6004951DD /* AppDelegate.swift */,
				0D2A4822228363D6004951DD /* ViewController.swift */,
				0D2A4824228363D6004951DD /* Main.storyboard */,
				0D2A4827228363D8004951DD /* Assets.xcassets */,
				0D2A4829228363D8004951DD /* LaunchScreen.storyboard */,
				0D2A482C228363D8004951DD /* Info.plist */,
				0D223234228F267000BB0060 /* NetworkHelper.swift */,
			);
			path = PhotoBackup;
			sourceTree = "<group>";
		};
		0D2A4834228363D8004951DD /* PhotoBackupTests */ = {
			isa = PBXGroup;
			children = (
				0D2A4835228363D8004951DD /* PhotoBackupTests.swift */,
				0D2A4837228363D8004951DD /* Info.plist */,
			);
			path = PhotoBackupTests;
			sourceTree = "<group>";
		};
		0D2A483F228363D8004951DD /* PhotoBackupUITests */ = {
			isa = PBXGroup;
			children = (
				0D2A4840228363D8004951DD /* PhotoBackupUITests.swift */,
				0D2A4842228363D8004951DD /* Info.plist */,
			);
			path = PhotoBackupUITests;
			sourceTree = "<group>";
		};
/* End PBXGroup section */

/* Begin PBXNativeTarget section */
		0D2A481C228363D6004951DD /* PhotoBackup */ = {
			isa = PBXNativeTarget;
			buildConfigurationList = 0D2A4845228363D8004951DD /* Build configuration list for PBXNativeTarget "PhotoBackup" */;
			buildPhases = (
				0D2A4819228363D6004951DD /* Sources */,
				0D2A481A228363D6004951DD /* Frameworks */,
				0D2A481B228363D6004951DD /* Resources */,
				0D2A485222837D97004951DD /* Embed Frameworks */,
			);
			buildRules = (
			);
			dependencies = (
			);
			name = PhotoBackup;
			productName = PhotoBackup;
			productReference = 0D2A481D228363D6004951DD /* PhotoBackup.app */;
			productType = "com.apple.product-type.application";
		};
		0D2A4830228363D8004951DD /* PhotoBackupTests */ = {
			isa = PBXNativeTarget;
			buildConfigurationList = 0D2A4848228363D8004951DD /* Build configuration list for PBXNativeTarget "PhotoBackupTests" */;
			buildPhases = (
				0D2A482D228363D8004951DD /* Sources */,
				0D2A482E228363D8004951DD /* Frameworks */,
				0D2A482F228363D8004951DD /* Resources */,
			);
			buildRules = (
			);
			dependencies = (
				0D2A4833228363D8004951DD /* PBXTargetDependency */,
			);
			name = PhotoBackupTests;
			productName = PhotoBackupTests;
			productReference = 0D2A4831228363D8004951DD /* PhotoBackupTests.xctest */;
			productType = "com.apple.product-type.bundle.unit-test";
		};
		0D2A483B228363D8004951DD /* PhotoBackupUITests */ = {
			isa = PBXNativeTarget;
			buildConfigurationList = 0D2A484B228363D8004951DD /* Build configuration list for PBXNativeTarget "PhotoBackupUITests" */;
			buildPhases = (
				0D2A4838228363D8004951DD /* Sources */,
				0D2A4839228363D8004951DD /* Frameworks */,
				0D2A483A228363D8004951DD /* Resources */,
			);
			buildRules = (
			);
			dependencies = (
				0D2A483E228363D8004951DD /* PBXTargetDependency */,
			);
			name = PhotoBackupUITests;
			productName = PhotoBackupUITests;
			productReference = 0D2A483C228363D8004951DD /* PhotoBackupUITests.xctest */;
			productType = "com.apple.product-type.bundle.ui-testing";
		};
/* End PBXNativeTarget section */

/* Begin PBXProject section */
		0D2A4815228363D6004951DD /* Project object */ = {
			isa = PBXProject;
			attributes = {
				LastSwiftUpdateCheck = 1010;
				LastUpgradeCheck = 1010;
				ORGANIZATIONNAME = Lachermeier;
				TargetAttributes = {
					0D2A481C228363D6004951DD = {
						CreatedOnToolsVersion = 10.1;
					};
					0D2A4830228363D8004951DD = {
						CreatedOnToolsVersion = 10.1;
						TestTargetID = 0D2A481C228363D6004951DD;
					};
					0D2A483B228363D8004951DD = {
						CreatedOnToolsVersion = 10.1;
						TestTargetID = 0D2A481C228363D6004951DD;
					};
				};
			};
			buildConfigurationList = 0D2A4818228363D6004951DD /* Build configuration list for PBXProject "PhotoBackup" */;
			compatibilityVersion = "Xcode 9.3";
			developmentRegion = en;
			hasScannedForEncodings = 0;
			knownRegions = (
				en,
				Base,
			);
			mainGroup = 0D2A4814228363D6004951DD;
			productRefGroup = 0D2A481E228363D6004951DD /* Products */;
			projectDirPath = "";
			projectRoot = "";
			targets = (
				0D2A481C228363D6004951DD /* PhotoBackup */,
				0D2A4830228363D8004951DD /* PhotoBackupTests */,
				0D2A483B228363D8004951DD /* PhotoBackupUITests */,
			);
		};
/* End PBXProject section */

/* Begin PBXResourcesBuildPhase section */
		0D2A481B228363D6004951DD /* Resources */ = {
			isa = PBXResourcesBuildPhase;
			buildActionMask = 2147483647;
			files = (
				0D2A482B228363D8004951DD /* LaunchScreen.storyboard in Resources */,
				0D2A4828228363D8004951DD /* Assets.xcassets in Resources */,
				0D2A4826228363D6004951DD /* Main.storyboard in Resources */,
			);
			runOnlyForDeploymentPostprocessing = 0;
		};
		0D2A482F228363D8004951DD /* Resources */ = {
			isa = PBXResourcesBuildPhase;
			buildActionMask = 2147483647;
			files = (
			);
			runOnlyForDeploymentPostprocessing = 0;
		};
		0D2A483A228363D8004951DD /* Resources */ = {
			isa = PBXResourcesBuildPhase;
			buildActionMask = 2147483647;
			files = (
			);
			runOnlyForDeploymentPostprocessing = 0;
		};
/* End PBXResourcesBuildPhase section */

/* Begin PBXSourcesBuildPhase section */
		0D2A4819228363D6004951DD /* Sources */ = {
			isa = PBXSourcesBuildPhase;
			buildActionMask = 2147483647;
			files = (
				0D2A4823228363D6004951DD /* ViewController.swift in Sources */,
				0D223235228F267000BB0060 /* NetworkHelper.swift in Sources */,
				0D2A4821228363D6004951DD /* AppDelegate.swift in Sources */,
			);
			runOnlyForDeploymentPostprocessing = 0;
		};
		0D2A482D228363D8004951DD /* Sources */ = {
			isa = PBXSourcesBuildPhase;
			buildActionMask = 2147483647;
			files = (
				0D2A4836228363D8004951DD /* PhotoBackupTests.swift in Sources */,
			);
			runOnlyForDeploymentPostprocessing = 0;
		};
		0D2A4838228363D8004951DD /* Sources */ = {
			isa = PBXSourcesBuildPhase;
			buildActionMask = 2147483647;
			files = (
				0D2A4841228363D8004951DD /* PhotoBackupUITests.swift in Sources */,
			);
			runOnlyForDeploymentPostprocessing = 0;
		};
/* End PBXSourcesBuildPhase section */

/* Begin PBXTargetDependency section */
		0D2A4833228363D8004951DD /* PBXTargetDependency */ = {
			isa = PBXTargetDependency;
			target = 0D2A481C228363D6004951DD /* PhotoBackup */;
			targetProxy = 0D2A4832228363D8004951DD /* PBXContainerItemProxy */;
		};
		0D2A483E228363D8004951DD /* PBXTargetDependency */ = {
			isa = PBXTargetDependency;
			target = 0D2A481C228363D6004951DD /* PhotoBackup */;
			targetProxy = 0D2A483D228363D8004951DD /* PBXContainerItemProxy */;
		};
/* End PBXTargetDependency section */

/* Begin PBXVariantGroup section */
		0D2A4824228363D6004951DD /* Main.storyboard */ = {
			isa = PBXVariantGroup;
			children = (
				0D2A4825228363D6004951DD /* Base */,
			);
			name = Main.storyboard;
			sourceTree = "<group>";
		};
		0D2A4829228363D8004951DD /* LaunchScreen.storyboard */ = {
			isa = PBXVariantGroup;
			children = (
				0D2A482A228363D8004951DD /* Base */,
			);
			name = LaunchScreen.storyboard;
			sourceTree = "<group>";
		};
/* End PBXVariantGroup section */

/* Begin XCBuildConfiguration section */
		0D2A4843228363D8004951DD /* Debug */ = {
			isa = XCBuildConfiguration;
			buildSettings = {
				ALWAYS_SEARCH_USER_PATHS = NO;
				CLANG_ANALYZER_NONNULL = YES;
				CLANG_ANALYZER_NUMBER_OBJECT_CONVERSION = YES_AGGRESSIVE;
				CLANG_CXX_LANGUAGE_STANDARD = "gnu++14";
				CLANG_CXX_LIBRARY = "libc++";
				CLANG_ENABLE_MODULES = YES;
				CLANG_ENABLE_OBJC_ARC = YES;
				CLANG_ENABLE_OBJC_WEAK = YES;
				CLANG_WARN_BLOCK_CAPTURE_AUTORELEASING = YES;
				CLANG_WARN_BOOL_CONVERSION = YES;
				CLANG_WARN_COMMA = YES;
				CLANG_WARN_CONSTANT_CONVERSION = YES;
				CLANG_WARN_DEPRECATED_OBJC_IMPLEMENTATIONS = YES;
				CLANG_WARN_DIRECT_OBJC_ISA_USAGE = YES_ERROR;
				CLANG_WARN_DOCUMENTATION_COMMENTS = YES;
				CLANG_WARN_EMPTY_BODY = YES;
				CLANG_WARN_ENUM_CONVERSION = YES;
				CLANG_WARN_INFINITE_RECURSION = YES;
				CLANG_WARN_INT_CONVERSION = YES;
				CLANG_WARN_NON_LITERAL_NULL_CONVERSION = YES;
				CLANG_WARN_OBJC_IMPLICIT_RETAIN_SELF = YES;
				CLANG_WARN_OBJC_LITERAL_CONVERSION = YES;
				CLANG_WARN_OBJC_ROOT_CLASS = YES_ERROR;
				CLANG_WARN_RANGE_LOOP_ANALYSIS = YES;
				CLANG_WARN_STRICT_PROTOTYPES = YES;
				CLANG_WARN_SUSPICIOUS_MOVE = YES;
				CLANG_WARN_UNGUARDED_AVAILABILITY = YES_AGGRESSIVE;
				CLANG_WARN_UNREACHABLE_CODE = YES;
				CLANG_WARN__DUPLICATE_METHOD_MATCH = YES;
				CODE_SIGN_IDENTITY = "iPhone Developer";
				COPY_PHASE_STRIP = NO;
				DEBUG_INFORMATION_FORMAT = dwarf;
				ENABLE_STRICT_OBJC_MSGSEND = YES;
				ENABLE_TESTABILITY = YES;
				GCC_C_LANGUAGE_STANDARD = gnu11;
				GCC_DYNAMIC_NO_PIC = NO;
				GCC_NO_COMMON_BLOCKS = YES;
				GCC_OPTIMIZATION_LEVEL = 0;
				GCC_PREPROCESSOR_DEFINITIONS = (
					"DEBUG=1",
					"$(inherited)",
				);
				GCC_WARN_64_TO_32_BIT_CONVERSION = YES;
				GCC_WARN_ABOUT_RETURN_TYPE = YES_ERROR;
				GCC_WARN_UNDECLARED_SELECTOR = YES;
				GCC_WARN_UNINITIALIZED_AUTOS = YES_AGGRESSIVE;
				GCC_WARN_UNUSED_FUNCTION = YES;
				GCC_WARN_UNUSED_VARIABLE = YES;
				IPHONEOS_DEPLOYMENT_TARGET = 12.1;
				MTL_ENABLE_DEBUG_INFO = INCLUDE_SOURCE;
				MTL_FAST_MATH = YES;
				ONLY_ACTIVE_ARCH = YES;
				SDKROOT = iphoneos;
				SWIFT_ACTIVE_COMPILATION_CONDITIONS = DEBUG;
				SWIFT_OPTIMIZATION_LEVEL = "-Onone";
			};
			name = Debug;
		};
		0D2A4844228363D8004951DD /* Release */ = {
			isa = XCBuildConfiguration;
			buildSettings = {
				ALWAYS_SEARCH_USER_PATHS = NO;
				CLANG_ANALYZER_NONNULL = YES;
				CLANG_ANALYZER_NUMBER_OBJECT_CONVERSION = YES_AGGRESSIVE;
				CLANG_CXX_LANGUAGE_STANDARD = "gnu++14";
				CLANG_CXX_LIBRARY = "libc++";
				CLANG_ENABLE_MODULES = YES;
				CLANG_ENABLE_OBJC_ARC = YES;
				CLANG_ENABLE_OBJC_WEAK = YES;
				CLANG_WARN_BLOCK_CAPTURE_AUTORELEASING = YES;
				CLANG_WARN_BOOL_CONVERSION = YES;
				CLANG_WARN_COMMA = YES;
				CLANG_WARN_CONSTANT_CONVERSION = YES;
				CLANG_WARN_DEPRECATED_OBJC_IMPLEMENTATIONS = YES;
				CLANG_WARN_DIRECT_OBJC_ISA_USAGE = YES_ERROR;
				CLANG_WARN_DOCUMENTATION_COMMENTS = YES;
				CLANG_WARN_EMPTY_BODY = YES;
				CLANG_WARN_ENUM_CONVERSION = YES;
				CLANG_WARN_INFINITE_RECURSION = YES;
				CLANG_WARN_INT_CONVERSION = YES;
				CLANG_WARN_NON_LITERAL_NULL_CONVERSION = YES;
				CLANG_WARN_OBJC_IMPLICIT_RETAIN_SELF = YES;
				CLANG_WARN_OBJC_LITERAL_CONVERSION = YES;
				CLANG_WARN_OBJC_ROOT_CLASS = YES_ERROR;
				CLANG_WARN_RANGE_LOOP_ANALYSIS = YES;
				CLANG_WARN_STRICT_PROTOTYPES = YES;
				CLANG_WARN_SUSPICIOUS_MOVE = YES;
				CLANG_WARN_UNGUARDED_AVAILABILITY = YES_AGGRESSIVE;
				CLANG_WARN_UNREACHABLE_CODE = YES;
				CLANG_WARN__DUPLICATE_METHOD_MATCH = YES;
				CODE_SIGN_IDENTITY = "iPhone Developer";
				COPY_PHASE_STRIP = NO;
				DEBUG_INFORMATION_FORMAT = "dwarf-with-dsym";
				ENABLE_NS_ASSERTIONS = NO;
				ENABLE_STRICT_OBJC_MSGSEND = YES;
				GCC_C_LANGUAGE_STANDARD = gnu11;
				GCC_NO_COMMON_BLOCKS = YES;
				GCC_WARN_64_TO_32_BIT_CONVERSION = YES;
				GCC_WARN_ABOUT_RETURN_TYPE = YES_ERROR;
				GCC_WARN_UNDECLARED_SELECTOR = YES;
				GCC_WARN_UNINITIALIZED_AUTOS = YES_AGGRESSIVE;
				GCC_WARN_UNUSED_FUNCTION = YES;
				GCC_WARN_UNUSED_VARIABLE = YES;
				IPHONEOS_DEPLOYMENT_TARGET = 12.1;
				MTL_ENABLE_DEBUG_INFO = NO;
				MTL_FAST_MATH = YES;
				SDKROOT = iphoneos;
				SWIFT_COMPILATION_MODE = wholemodule;
				SWIFT_OPTIMIZATION_LEVEL = "-O";
				VALIDATE_PRODUCT = YES;
			};
			name = Release;
		};
		0D2A4846228363D8004951DD /* Debug */ = {
			isa = XCBuildConfiguration;
			buildSettings = {
				ASSETCATALOG_COMPILER_APPICON_NAME = AppIcon;
				CODE_SIGN_STYLE = Automatic;
				DEVELOPMENT_TEAM = 6XGV6S5N8N;
				FRAMEWORK_SEARCH_PATHS = (
					"$(inherited)",
					"$(PROJECT_DIR)/Carthage/Build/iOS",
				);
				INFOPLIST_FILE = PhotoBackup/Info.plist;
				LD_RUNPATH_SEARCH_PATHS = (
					"$(inherited)",
					"@executable_path/Frameworks",
				);
				PRODUCT_BUNDLE_IDENTIFIER = de.lachermeier.PhotoBackup;
				PRODUCT_NAME = "$(TARGET_NAME)";
				SWIFT_VERSION = 4.2;
				TARGETED_DEVICE_FAMILY = "1,2";
			};
			name = Debug;
		};
		0D2A4847228363D8004951DD /* Release */ = {
			isa = XCBuildConfiguration;
			buildSettings = {
				ASSETCATALOG_COMPILER_APPICON_NAME = AppIcon;
				CODE_SIGN_STYLE = Automatic;
				DEVELOPMENT_TEAM = 6XGV6S5N8N;
				FRAMEWORK_SEARCH_PATHS = (
					"$(inherited)",
					"$(PROJECT_DIR)/Carthage/Build/iOS",
				);
				INFOPLIST_FILE = PhotoBackup/Info.plist;
				LD_RUNPATH_SEARCH_PATHS = (
					"$(inherited)",
					"@executable_path/Frameworks",
				);
				PRODUCT_BUNDLE_IDENTIFIER = de.lachermeier.PhotoBackup;
				PRODUCT_NAME = "$(TARGET_NAME)";
				SWIFT_VERSION = 4.2;
				TARGETED_DEVICE_FAMILY = "1,2";
			};
			name = Release;
		};
		0D2A4849228363D8004951DD /* Debug */ = {
			isa = XCBuildConfiguration;
			buildSettings = {
				ALWAYS_EMBED_SWIFT_STANDARD_LIBRARIES = YES;
				BUNDLE_LOADER = "$(TEST_HOST)";
				CODE_SIGN_STYLE = Automatic;
				DEVELOPMENT_TEAM = 6XGV6S5N8N;
				INFOPLIST_FILE = PhotoBackupTests/Info.plist;
				LD_RUNPATH_SEARCH_PATHS = (
					"$(inherited)",
					"@executable_path/Frameworks",
					"@loader_path/Frameworks",
				);
				PRODUCT_BUNDLE_IDENTIFIER = de.lachermeier.PhotoBackupTests;
				PRODUCT_NAME = "$(TARGET_NAME)";
				SWIFT_VERSION = 4.2;
				TARGETED_DEVICE_FAMILY = "1,2";
				TEST_HOST = "$(BUILT_PRODUCTS_DIR)/PhotoBackup.app/PhotoBackup";
			};
			name = Debug;
		};
		0D2A484A228363D8004951DD /* Release */ = {
			isa = XCBuildConfiguration;
			buildSettings = {
				ALWAYS_EMBED_SWIFT_STANDARD_LIBRARIES = YES;
				BUNDLE_LOADER = "$(TEST_HOST)";
				CODE_SIGN_STYLE = Automatic;
				DEVELOPMENT_TEAM = 6XGV6S5N8N;
				INFOPLIST_FILE = PhotoBackupTests/Info.plist;
				LD_RUNPATH_SEARCH_PATHS = (
					"$(inherited)",
					"@executable_path/Frameworks",
					"@loader_path/Frameworks",
				);
				PRODUCT_BUNDLE_IDENTIFIER = de.lachermeier.PhotoBackupTests;
				PRODUCT_NAME = "$(TARGET_NAME)";
				SWIFT_VERSION = 4.2;
				TARGETED_DEVICE_FAMILY = "1,2";
				TEST_HOST = "$(BUILT_PRODUCTS_DIR)/PhotoBackup.app/PhotoBackup";
			};
			name = Release;
		};
		0D2A484C228363D8004951DD /* Debug */ = {
			isa = XCBuildConfiguration;
			buildSettings = {
				ALWAYS_EMBED_SWIFT_STANDARD_LIBRARIES = YES;
				CODE_SIGN_STYLE = Automatic;
				DEVELOPMENT_TEAM = 6XGV6S5N8N;
				INFOPLIST_FILE = PhotoBackupUITests/Info.plist;
				LD_RUNPATH_SEARCH_PATHS = (
					"$(inherited)",
					"@executable_path/Frameworks",
					"@loader_path/Frameworks",
				);
				PRODUCT_BUNDLE_IDENTIFIER = de.lachermeier.PhotoBackupUITests;
				PRODUCT_NAME = "$(TARGET_NAME)";
				SWIFT_VERSION = 4.2;
				TARGETED_DEVICE_FAMILY = "1,2";
				TEST_TARGET_NAME = PhotoBackup;
			};
			name = Debug;
		};
		0D2A484D228363D8004951DD /* Release */ = {
			isa = XCBuildConfiguration;
			buildSettings = {
				ALWAYS_EMBED_SWIFT_STANDARD_LIBRARIES = YES;
				CODE_SIGN_STYLE = Automatic;
				DEVELOPMENT_TEAM = 6XGV6S5N8N;
				INFOPLIST_FILE = PhotoBackupUITests/Info.plist;
				LD_RUNPATH_SEARCH_PATHS = (
					"$(inherited)",
					"@executable_path/Frameworks",
					"@loader_path/Frameworks",
				);
				PRODUCT_BUNDLE_IDENTIFIER = de.lachermeier.PhotoBackupUITests;
				PRODUCT_NAME = "$(TARGET_NAME)";
				SWIFT_VERSION = 4.2;
				TARGETED_DEVICE_FAMILY = "1,2";
				TEST_TARGET_NAME = PhotoBackup;
			};
			name = Release;
		};
/* End XCBuildConfiguration section */

/* Begin XCConfigurationList section */
		0D2A4818228363D6004951DD /* Build configuration list for PBXProject "PhotoBackup" */ = {
			isa = XCConfigurationList;
			buildConfigurations = (
				0D2A4843228363D8004951DD /* Debug */,
				0D2A4844228363D8004951DD /* Release */,
			);
			defaultConfigurationIsVisible = 0;
			defaultConfigurationName = Release;
		};
		0D2A4845228363D8004951DD /* Build configuration list for PBXNativeTarget "PhotoBackup" */ = {
			isa = XCConfigurationList;
			buildConfigurations = (
				0D2A4846228363D8004951DD /* Debug */,
				0D2A4847228363D8004951DD /* Release */,
			);
			defaultConfigurationIsVisible = 0;
			defaultConfigurationName = Release;
		};
		0D2A4848228363D8004951DD /* Build configuration list for PBXNativeTarget "PhotoBackupTests" */ = {
			isa = XCConfigurationList;
			buildConfigurations = (
				0D2A4849228363D8004951DD /* Debug */,
				0D2A484A228363D8004951DD /* Release */,
			);
			defaultConfigurationIsVisible = 0;
			defaultConfigurationName = Release;
		};
		0D2A484B228363D8004951DD /* Build configuration list for PBXNativeTarget "PhotoBackupUITests" */ = {
			isa = XCConfigurationList;
			buildConfigurations = (
				0D2A484C228363D8004951DD /* Debug */,
				0D2A484D228363D8004951DD /* Release */,
			);
			defaultConfigurationIsVisible = 0;
			defaultConfigurationName = Release;
		};
/* End XCConfigurationList section */
	};
	rootObject = 0D2A4815228363D6004951DD /* Project object */;
}
